
Microsoft Visual Studio Solution File, Format Version 12.00
# Visual Studio Version 16
VisualStudioVersion = 16.0.30907.101
MinimumVisualStudioVersion = 10.0.40219.1
Project("{FAE04EC0-301F-11D3-BF4B-00C04F79EFBC}") = "Api", "Api\Api.csproj", "{E4163341-56EB-4C6F-B733-FCC26C5C06FC}"
EndProject
Global
	GlobalSection(SolutionConfigurationPlatforms) = preSolution
		Debug|Any CPU = Debug|Any CPU
		Release|Any CPU = Release|Any CPU
	EndGlobalSection
	GlobalSection(ProjectConfigurationPlatforms) = postSolution
		{E4163341-56EB-4C6F-B733-FCC26C5C06FC}.Debug|Any CPU.ActiveCfg = Debug|Any CPU
		{E4163341-56EB-4C6F-B733-FCC26C5C06FC}.Debug|Any CPU.Build.0 = Debug|Any CPU
		{E4163341-56EB-4C6F-B733-FCC26C5C06FC}.Release|Any CPU.ActiveCfg = Release|Any CPU
		{E4163341-56EB-4C6F-B733-FCC26C5C06FC}.Release|Any CPU.Build.0 = Release|Any CPU
	EndGlobalSection
	GlobalSection(SolutionProperties) = preSolution
		HideSolutionNode = FALSE
	EndGlobalSection
	GlobalSection(ExtensibilityGlobals) = postSolution
		SolutionGuid = {6AE5C73F-C055-4820-9382-4033A766974C}
	EndGlobalSection
EndGlobal
